<?xml version="1.0" encoding="utf-8"?>
<Project ToolsVersion="4.0" xmlns="http://schemas.microsoft.com/developer/msbuild/2003">
  <ItemGroup>
    <Filter Include="Source Files">
      <UniqueIdentifier>{4FC737F1-C7A5-4376-A066-2A32D752A2FF}</UniqueIdentifier>
      <Extensions>cpp;c;cc;cxx;c++;cppm;ixx;def;odl;idl;hpj;bat;asm;asmx</Extensions>
    </Filter>
    <Filter Include="Resource Files">
      <UniqueIdentifier>{67DA6AB6-F800-4c08-8B7A-83BB121AAD01}</UniqueIdentifier>
      <Extensions>rc;ico;cur;bmp;dlg;rc2;rct;bin;rgs;gif;jpg;jpeg;jpe;resx;tiff;tif;png;wav;mfcribbon-ms</Extensions>
    </Filter>
    <Filter Include="Modules Files">
      <UniqueIdentifier>{93995380-89BD-4b04-88EB-625FBE52EBFB}</UniqueIdentifier>
      <Extensions>h;hh;hpp;hxx;h++;hm;inl;inc;ipp;xsd</Extensions>
    </Filter>
    <Filter Include="Modules Files\Engine">
      <UniqueIdentifier>{e81d4cf3-4ed8-4e2f-bac0-2b034156f639}</UniqueIdentifier>
    </Filter>
    <Filter Include="Modules Files\Engine\Core">
      <UniqueIdentifier>{aa1e071b-d3f0-4b90-aac7-4224cb5ce822}</UniqueIdentifier>
    </Filter>
    <Filter Include="Modules Files\Levels">
      <UniqueIdentifier>{f5b37992-01cf-446e-8567-00b69c0b5c42}</UniqueIdentifier>
    </Filter>
    <Filter Include="Modules Files\Characteristics">
      <UniqueIdentifier>{e1cf6f3d-99c3-4698-91a2-049166be35f6}</UniqueIdentifier>
    </Filter>
    <Filter Include="Modules Files\Interfaces">
      <UniqueIdentifier>{1ea90648-4956-4611-ba07-b3a71d685dcf}</UniqueIdentifier>
    </Filter>
    <Filter Include="Modules Files\Game">
      <UniqueIdentifier>{73b8282d-78fd-4f40-bb3c-5e4c1ae00f11}</UniqueIdentifier>
    </Filter>
  </ItemGroup>
  <ItemGroup>
    <ClCompile Include="main.cpp">
      <Filter>Source Files</Filter>
    </ClCompile>
    <ClCompile Include="Engine\HasPhysics.ixx">
      <Filter>Modules Files\Engine</Filter>
    </ClCompile>
    <ClCompile Include="Engine\Entity.ixx">
      <Filter>Modules Files\Engine</Filter>
    </ClCompile>
    <ClCompile Include="Engine\Factory.ixx">
      <Filter>Modules Files\Engine\Core</Filter>
    </ClCompile>
    <ClCompile Include="Game\LevelFactory.ixx">
      <Filter>Modules Files\Levels</Filter>
    </ClCompile>
    <ClCompile Include="Game\Level.ixx">
      <Filter>Modules Files\Levels</Filter>
    </ClCompile>
    <ClCompile Include="Game\Characteristics\Characteristics.ixx">
      <Filter>Modules Files\Characteristics</Filter>
    </ClCompile>
    <ClCompile Include="Game\Characteristics\CharacteristicsFactory.ixx">
      <Filter>Modules Files\Characteristics</Filter>
    </ClCompile>
    <ClCompile Include="Game\Interfaces\IWeapon.ixx">
      <Filter>Modules Files\Interfaces</Filter>
    </ClCompile>
    <ClCompile Include="Game\Interfaces\IVehicule.ixx">
      <Filter>Modules Files\Interfaces</Filter>
    </ClCompile>
    <ClCompile Include="Game\Projectile.ixx">
      <Filter>Modules Files\Game</Filter>
    </ClCompile>
    <ClCompile Include="Game\Gun.ixx">
      <Filter>Modules Files\Game</Filter>
    </ClCompile>
    <ClCompile Include="LeoBirds.ixx">
      <Filter>Modules Files</Filter>
    </ClCompile>
  </ItemGroup>
</Project>